
Microsoft Visual Studio Solution File, Format Version 12.00
# Visual Studio Version 16
VisualStudioVersion = 16.0.31702.278
MinimumVisualStudioVersion = 10.0.40219.1
Project("{2150E333-8FDC-42A3-9474-1A3956D46DE8}") = "NerdStore.Services", "NerdStore.Services", "{C5B594E7-6605-4A65-8BB3-A7E3C4186B15}"
EndProject
Project("{2150E333-8FDC-42A3-9474-1A3956D46DE8}") = "NerdStore.WebApps", "NerdStore.WebApps", "{80ACF000-9160-4177-851C-B2C6D7FC27C6}"
EndProject
Project("{2150E333-8FDC-42A3-9474-1A3956D46DE8}") = "Catalogo", "Catalogo", "{3C62F655-A00E-46E0-8F0D-326DF685251F}"
EndProject
Project("{2150E333-8FDC-42A3-9474-1A3956D46DE8}") = "Core", "Core", "{38825D6E-4962-43F8-A46E-B9AFB7CEF5F6}"
EndProject
Project("{2150E333-8FDC-42A3-9474-1A3956D46DE8}") = "Fiscal", "Fiscal", "{CE580CA7-24C6-41C4-BD03-C69F8DBF04D9}"
EndProject
Project("{2150E333-8FDC-42A3-9474-1A3956D46DE8}") = "Pagamentos", "Pagamentos", "{8A60E946-5A51-4034-A9C1-EF9914A26E10}"
EndProject
Project("{2150E333-8FDC-42A3-9474-1A3956D46DE8}") = "Vendas", "Vendas", "{38B0F8FB-A82E-46BE-B85C-5899D1083E76}"
EndProject
Project("{2150E333-8FDC-42A3-9474-1A3956D46DE8}") = "Cadastros", "Cadastros", "{F7424FDE-31FA-41B4-817F-71E95169504C}"
EndProject
Project("{9A19103F-16F7-4668-BE54-9A1E7A4F7556}") = "NerdStore.Catalogo.Domain", "NerdStore.Domain\NerdStore.Catalogo.Domain.csproj", "{B9C01A2A-BB33-433E-961B-3D13D7CF97EB}"
EndProject
Project("{9A19103F-16F7-4668-BE54-9A1E7A4F7556}") = "NerdStore.Core", "NerdStore.Core\NerdStore.Core.csproj", "{61CA74B3-8FB4-4DBC-8A94-06A3E0657C70}"
EndProject
Project("{2150E333-8FDC-42A3-9474-1A3956D46DE8}") = "NerdStore.Test", "NerdStore.Test", "{CCC8126C-715D-4C8F-973B-4A20E526CA15}"
EndProject
Project("{9A19103F-16F7-4668-BE54-9A1E7A4F7556}") = "NerdStore.Catalogo.Domain.Test", "NerdStore.Test\NerdStore.Catalogo.Domain.Test.csproj", "{71BEE3D5-62A2-450D-AA92-54A0A6D0070F}"
EndProject
Global
	GlobalSection(SolutionConfigurationPlatforms) = preSolution
		Debug|Any CPU = Debug|Any CPU
		Release|Any CPU = Release|Any CPU
	EndGlobalSection
	GlobalSection(ProjectConfigurationPlatforms) = postSolution
		{B9C01A2A-BB33-433E-961B-3D13D7CF97EB}.Debug|Any CPU.ActiveCfg = Debug|Any CPU
		{B9C01A2A-BB33-433E-961B-3D13D7CF97EB}.Debug|Any CPU.Build.0 = Debug|Any CPU
		{B9C01A2A-BB33-433E-961B-3D13D7CF97EB}.Release|Any CPU.ActiveCfg = Release|Any CPU
		{B9C01A2A-BB33-433E-961B-3D13D7CF97EB}.Release|Any CPU.Build.0 = Release|Any CPU
		{61CA74B3-8FB4-4DBC-8A94-06A3E0657C70}.Debug|Any CPU.ActiveCfg = Debug|Any CPU
		{61CA74B3-8FB4-4DBC-8A94-06A3E0657C70}.Debug|Any CPU.Build.0 = Debug|Any CPU
		{61CA74B3-8FB4-4DBC-8A94-06A3E0657C70}.Release|Any CPU.ActiveCfg = Release|Any CPU
		{61CA74B3-8FB4-4DBC-8A94-06A3E0657C70}.Release|Any CPU.Build.0 = Release|Any CPU
		{71BEE3D5-62A2-450D-AA92-54A0A6D0070F}.Debug|Any CPU.ActiveCfg = Debug|Any CPU
		{71BEE3D5-62A2-450D-AA92-54A0A6D0070F}.Debug|Any CPU.Build.0 = Debug|Any CPU
		{71BEE3D5-62A2-450D-AA92-54A0A6D0070F}.Release|Any CPU.ActiveCfg = Release|Any CPU
		{71BEE3D5-62A2-450D-AA92-54A0A6D0070F}.Release|Any CPU.Build.0 = Release|Any CPU
	EndGlobalSection
	GlobalSection(SolutionProperties) = preSolution
		HideSolutionNode = FALSE
	EndGlobalSection
	GlobalSection(NestedProjects) = preSolution
		{3C62F655-A00E-46E0-8F0D-326DF685251F} = {C5B594E7-6605-4A65-8BB3-A7E3C4186B15}
		{38825D6E-4962-43F8-A46E-B9AFB7CEF5F6} = {C5B594E7-6605-4A65-8BB3-A7E3C4186B15}
		{CE580CA7-24C6-41C4-BD03-C69F8DBF04D9} = {C5B594E7-6605-4A65-8BB3-A7E3C4186B15}
		{8A60E946-5A51-4034-A9C1-EF9914A26E10} = {C5B594E7-6605-4A65-8BB3-A7E3C4186B15}
		{38B0F8FB-A82E-46BE-B85C-5899D1083E76} = {C5B594E7-6605-4A65-8BB3-A7E3C4186B15}
		{F7424FDE-31FA-41B4-817F-71E95169504C} = {C5B594E7-6605-4A65-8BB3-A7E3C4186B15}
		{B9C01A2A-BB33-433E-961B-3D13D7CF97EB} = {3C62F655-A00E-46E0-8F0D-326DF685251F}
		{61CA74B3-8FB4-4DBC-8A94-06A3E0657C70} = {38825D6E-4962-43F8-A46E-B9AFB7CEF5F6}
		{CCC8126C-715D-4C8F-973B-4A20E526CA15} = {3C62F655-A00E-46E0-8F0D-326DF685251F}
		{71BEE3D5-62A2-450D-AA92-54A0A6D0070F} = {CCC8126C-715D-4C8F-973B-4A20E526CA15}
	EndGlobalSection
	GlobalSection(ExtensibilityGlobals) = postSolution
		SolutionGuid = {9D092A26-8528-469D-83E6-6FEE859971A4}
	EndGlobalSection
EndGlobal
